
Microsoft Visual Studio Solution File, Format Version 12.00
# Visual Studio 15
VisualStudioVersion = 15.0.28010.2026
MinimumVisualStudioVersion = 10.0.40219.1
Project("{FAE04EC0-301F-11D3-BF4B-00C04F79EFBC}") = "Lab1", "Lab1\Lab1.csproj", "{67ED9D55-7C0B-4C42-AA24-6F2ABA5CAE05}"
EndProject
Global
	GlobalSection(SolutionConfigurationPlatforms) = preSolution
		Debug|Any CPU = Debug|Any CPU
		Release|Any CPU = Release|Any CPU
	EndGlobalSection
	GlobalSection(ProjectConfigurationPlatforms) = postSolution
		{67ED9D55-7C0B-4C42-AA24-6F2ABA5CAE05}.Debug|Any CPU.ActiveCfg = Debug|Any CPU
		{67ED9D55-7C0B-4C42-AA24-6F2ABA5CAE05}.Debug|Any CPU.Build.0 = Debug|Any CPU
		{67ED9D55-7C0B-4C42-AA24-6F2ABA5CAE05}.Release|Any CPU.ActiveCfg = Release|Any CPU
		{67ED9D55-7C0B-4C42-AA24-6F2ABA5CAE05}.Release|Any CPU.Build.0 = Release|Any CPU
	EndGlobalSection
	GlobalSection(SolutionProperties) = preSolution
		HideSolutionNode = FALSE
	EndGlobalSection
	GlobalSection(ExtensibilityGlobals) = postSolution
		SolutionGuid = {62FB2B43-23EB-4DD4-B66B-7E4EEC3263D1}
	EndGlobalSection
EndGlobal
